
Microsoft Visual Studio Solution File, Format Version 12.00
# Visual Studio Version 17
VisualStudioVersion = 17.2.32526.322
MinimumVisualStudioVersion = 10.0.40219.1
Project("{8BC9CEB8-8B4A-11D0-8D11-00A0C91BC942}") = "HW1_Phonebook", "HW1_Phonebook\HW1_Phonebook.vcxproj", "{A905BFDE-8A6E-44A1-A915-B583D104316C}"
EndProject
Global
	GlobalSection(SolutionConfigurationPlatforms) = preSolution
		Debug|x64 = Debug|x64
		Debug|x86 = Debug|x86
		Release|x64 = Release|x64
		Release|x86 = Release|x86
	EndGlobalSection
	GlobalSection(ProjectConfigurationPlatforms) = postSolution
		{A905BFDE-8A6E-44A1-A915-B583D104316C}.Debug|x64.ActiveCfg = Debug|x64
		{A905BFDE-8A6E-44A1-A915-B583D104316C}.Debug|x64.Build.0 = Debug|x64
		{A905BFDE-8A6E-44A1-A915-B583D104316C}.Debug|x86.ActiveCfg = Debug|Win32
		{A905BFDE-8A6E-44A1-A915-B583D104316C}.Debug|x86.Build.0 = Debug|Win32
		{A905BFDE-8A6E-44A1-A915-B583D104316C}.Release|x64.ActiveCfg = Release|x64
		{A905BFDE-8A6E-44A1-A915-B583D104316C}.Release|x64.Build.0 = Release|x64
		{A905BFDE-8A6E-44A1-A915-B583D104316C}.Release|x86.ActiveCfg = Release|Win32
		{A905BFDE-8A6E-44A1-A915-B583D104316C}.Release|x86.Build.0 = Release|Win32
	EndGlobalSection
	GlobalSection(SolutionProperties) = preSolution
		HideSolutionNode = FALSE
	EndGlobalSection
	GlobalSection(ExtensibilityGlobals) = postSolution
		SolutionGuid = {613C3775-EBF6-45D3-960E-6FECB7B836DE}
	EndGlobalSection
EndGlobal
